
Microsoft Visual Studio Solution File, Format Version 12.00
# Visual Studio Version 17
VisualStudioVersion = 17.9.34622.214
MinimumVisualStudioVersion = 10.0.40219.1
Project("{FAE04EC0-301F-11D3-BF4B-00C04F79EFBC}") = "F1Race", "F1Race\F1Race.csproj", "{B61ED0FE-3181-467F-9ADA-9E74B37EB8EF}"
EndProject
Global
	GlobalSection(SolutionConfigurationPlatforms) = preSolution
		Debug|Any CPU = Debug|Any CPU
		Release|Any CPU = Release|Any CPU
	EndGlobalSection
	GlobalSection(ProjectConfigurationPlatforms) = postSolution
		{B61ED0FE-3181-467F-9ADA-9E74B37EB8EF}.Debug|Any CPU.ActiveCfg = Debug|Any CPU
		{B61ED0FE-3181-467F-9ADA-9E74B37EB8EF}.Debug|Any CPU.Build.0 = Debug|Any CPU
		{B61ED0FE-3181-467F-9ADA-9E74B37EB8EF}.Release|Any CPU.ActiveCfg = Release|Any CPU
		{B61ED0FE-3181-467F-9ADA-9E74B37EB8EF}.Release|Any CPU.Build.0 = Release|Any CPU
	EndGlobalSection
	GlobalSection(SolutionProperties) = preSolution
		HideSolutionNode = FALSE
	EndGlobalSection
	GlobalSection(ExtensibilityGlobals) = postSolution
		SolutionGuid = {49BF5E35-9BF8-4457-9B26-BF3F8BA5DA51}
	EndGlobalSection
EndGlobal
